
Microsoft Visual Studio Solution File, Format Version 12.00
# Visual Studio Version 17
VisualStudioVersion = 17.7.34024.191
MinimumVisualStudioVersion = 10.0.40219.1
Project("{FAE04EC0-301F-11D3-BF4B-00C04F79EFBC}") = "EmploymentService", "EmploymentService.csproj", "{8A697C1C-9056-4554-9783-266B4ACFC36A}"
EndProject
Global
	GlobalSection(SolutionConfigurationPlatforms) = preSolution
		Debug|Any CPU = Debug|Any CPU
		Release|Any CPU = Release|Any CPU
	EndGlobalSection
	GlobalSection(ProjectConfigurationPlatforms) = postSolution
		{8A697C1C-9056-4554-9783-266B4ACFC36A}.Debug|Any CPU.ActiveCfg = Debug|Any CPU
		{8A697C1C-9056-4554-9783-266B4ACFC36A}.Debug|Any CPU.Build.0 = Debug|Any CPU
		{8A697C1C-9056-4554-9783-266B4ACFC36A}.Release|Any CPU.ActiveCfg = Release|Any CPU
		{8A697C1C-9056-4554-9783-266B4ACFC36A}.Release|Any CPU.Build.0 = Release|Any CPU
	EndGlobalSection
	GlobalSection(SolutionProperties) = preSolution
		HideSolutionNode = FALSE
	EndGlobalSection
	GlobalSection(ExtensibilityGlobals) = postSolution
		SolutionGuid = {160D6DE6-69DA-4AD2-8546-DE2826C43630}
	EndGlobalSection
EndGlobal
